
Microsoft Visual Studio Solution File, Format Version 12.00
# Visual Studio Version 17
VisualStudioVersion = 17.13.35825.156
MinimumVisualStudioVersion = 10.0.40219.1
Project("{FAE04EC0-301F-11D3-BF4B-00C04F79EFBC}") = "AiSo.Admin.WebApi", "src\AiSo.Admin.WebApi\AiSo.Admin.WebApi.csproj", "{3FAF50B8-6333-34EA-1EB0-1DD25C2286AF}"
EndProject
Global
	GlobalSection(SolutionConfigurationPlatforms) = preSolution
		Debug|Any CPU = Debug|Any CPU
		Release|Any CPU = Release|Any CPU
	EndGlobalSection
	GlobalSection(ProjectConfigurationPlatforms) = postSolution
		{3FAF50B8-6333-34EA-1EB0-1DD25C2286AF}.Debug|Any CPU.ActiveCfg = Debug|Any CPU
		{3FAF50B8-6333-34EA-1EB0-1DD25C2286AF}.Debug|Any CPU.Build.0 = Debug|Any CPU
		{3FAF50B8-6333-34EA-1EB0-1DD25C2286AF}.Release|Any CPU.ActiveCfg = Release|Any CPU
		{3FAF50B8-6333-34EA-1EB0-1DD25C2286AF}.Release|Any CPU.Build.0 = Release|Any CPU
	EndGlobalSection
	GlobalSection(SolutionProperties) = preSolution
		HideSolutionNode = FALSE
	EndGlobalSection
	GlobalSection(ExtensibilityGlobals) = postSolution
		SolutionGuid = {B484C28D-FC27-4D34-A9E2-19E78BF6F9E2}
	EndGlobalSection
EndGlobal
